
Microsoft Visual Studio Solution File, Format Version 12.00
# Visual Studio Version 16
VisualStudioVersion = 16.0.30028.174
MinimumVisualStudioVersion = 10.0.40219.1
Project("{FAE04EC0-301F-11D3-BF4B-00C04F79EFBC}") = "FunWithSourceGenerators", "FunWithSourceGenerators\FunWithSourceGenerators.csproj", "{484150F2-85EF-4389-898B-8A5D95BB99E7}"
EndProject
Project("{FAE04EC0-301F-11D3-BF4B-00C04F79EFBC}") = "TestApp", "TestApp\TestApp.csproj", "{CC50B94D-A6B6-477C-B87C-CB84508BE9C6}"
EndProject
Global
	GlobalSection(SolutionConfigurationPlatforms) = preSolution
		Debug|Any CPU = Debug|Any CPU
		Release|Any CPU = Release|Any CPU
	EndGlobalSection
	GlobalSection(ProjectConfigurationPlatforms) = postSolution
		{484150F2-85EF-4389-898B-8A5D95BB99E7}.Debug|Any CPU.ActiveCfg = Debug|Any CPU
		{484150F2-85EF-4389-898B-8A5D95BB99E7}.Debug|Any CPU.Build.0 = Debug|Any CPU
		{484150F2-85EF-4389-898B-8A5D95BB99E7}.Release|Any CPU.ActiveCfg = Release|Any CPU
		{484150F2-85EF-4389-898B-8A5D95BB99E7}.Release|Any CPU.Build.0 = Release|Any CPU
		{CC50B94D-A6B6-477C-B87C-CB84508BE9C6}.Debug|Any CPU.ActiveCfg = Debug|Any CPU
		{CC50B94D-A6B6-477C-B87C-CB84508BE9C6}.Debug|Any CPU.Build.0 = Debug|Any CPU
		{CC50B94D-A6B6-477C-B87C-CB84508BE9C6}.Release|Any CPU.ActiveCfg = Release|Any CPU
		{CC50B94D-A6B6-477C-B87C-CB84508BE9C6}.Release|Any CPU.Build.0 = Release|Any CPU
	EndGlobalSection
	GlobalSection(SolutionProperties) = preSolution
		HideSolutionNode = FALSE
	EndGlobalSection
	GlobalSection(ExtensibilityGlobals) = postSolution
		SolutionGuid = {FCB3262D-C72A-41B1-BC07-06D76FA09245}
	EndGlobalSection
EndGlobal
